
Microsoft Visual Studio Solution File, Format Version 12.00
# Visual Studio 2017
Project("{FAE04EC0-301F-11D3-BF4B-00C04F79EFBC}") = "JerryIsStillAlive", "JerryIsStillAlive.csproj", "{FA6B7831-1FC6-EC6F-49FC-1258974D93FE}"
EndProject
Global
	GlobalSection(SolutionConfigurationPlatforms) = preSolution
		Debug|Any CPU = Debug|Any CPU
		Release|Any CPU = Release|Any CPU
	EndGlobalSection
	GlobalSection(ProjectConfigurationPlatforms) = postSolution
		{FA6B7831-1FC6-EC6F-49FC-1258974D93FE}.Debug|Any CPU.ActiveCfg = Debug|Any CPU
		{FA6B7831-1FC6-EC6F-49FC-1258974D93FE}.Debug|Any CPU.Build.0 = Debug|Any CPU
		{FA6B7831-1FC6-EC6F-49FC-1258974D93FE}.Release|Any CPU.ActiveCfg = Release|Any CPU
		{FA6B7831-1FC6-EC6F-49FC-1258974D93FE}.Release|Any CPU.Build.0 = Release|Any CPU
	EndGlobalSection
	GlobalSection(SolutionProperties) = preSolution
		HideSolutionNode = FALSE
	EndGlobalSection
EndGlobal
